{
  "originHash" : "2f222b66b7291b8d7193df078dd2561382a38dd4564f39a7d397432e1f462ea9",
  "pins" : [
    {
      "identity" : "alamofire",
      "kind" : "remoteSourceControl",
      "location" : "https://github.com/Alamofire/Alamofire.git",
      "state" : {
        "revision" : "f455c2975872ccd2d9c81594c658af65716e9b9a",
        "version" : "5.9.1"
      }
    },
    {
      "identity" : "kakao-ios-sdk",
      "kind" : "remoteSourceControl",
      "location" : "https://github.com/kakao/kakao-ios-sdk.git",
      "state" : {
        "revision" : "9f9b830dfd7ee66607c6fddcfeb1a6bc07e48714",
        "version" : "2.22.2"
      }
    }
  ],
  "version" : 3
}
