// !$*UTF8*$!
{
	archiveVersion = 1;
	classes = {
	};
	objectVersion = 56;
	objects = {

/* Begin PBXBuildFile section */
		41A35D292C2288C10007C9CA /* AppDelegate.swift in Sources */ = {isa = PBXBuildFile; fileRef = 41A35D282C2288C10007C9CA /* AppDelegate.swift */; };
		41A35D2B2C2288C10007C9CA /* SceneDelegate.swift in Sources */ = {isa = PBXBuildFile; fileRef = 41A35D2A2C2288C10007C9CA /* SceneDelegate.swift */; };
		41A35D2D2C2288C10007C9CA /* ViewController.swift in Sources */ = {isa = PBXBuildFile; fileRef = 41A35D2C2C2288C10007C9CA /* ViewController.swift */; };
		41A35D302C2288C10007C9CA /* Base in Resources */ = {isa = PBXBuildFile; fileRef = 41A35D2F2C2288C10007C9CA /* Base */; };
		41A35D322C2288C30007C9CA /* Assets.xcassets in Resources */ = {isa = PBXBuildFile; fileRef = 41A35D312C2288C30007C9CA /* Assets.xcassets */; };
		41A35D352C2288C30007C9CA /* Base in Resources */ = {isa = PBXBuildFile; fileRef = 41A35D342C2288C30007C9CA /* Base */; };
		41A35D402C2288C40007C9CA /* userDefaultTests.swift in Sources */ = {isa = PBXBuildFile; fileRef = 41A35D3F2C2288C40007C9CA /* userDefaultTests.swift */; };
		41A35D4A2C2288C40007C9CA /* userDefaultUITests.swift in Sources */ = {isa = PBXBuildFile; fileRef = 41A35D492C2288C40007C9CA /* userDefaultUITests.swift */; };
		41A35D4C2C2288C40007C9CA /* userDefaultUITestsLaunchTests.swift in Sources */ = {isa = PBXBuildFile; fileRef = 41A35D4B2C2288C40007C9CA /* userDefaultUITestsLaunchTests.swift */; };
/* End PBXBuildFile section */

/* Begin PBXContainerItemProxy section */
		41A35D3C2C2288C40007C9CA /* PBXContainerItemProxy */ = {
			isa = PBXContainerItemProxy;
			containerPortal = 41A35D1D2C2288C10007C9CA /* Project object */;
			proxyType = 1;
			remoteGlobalIDString = 41A35D242C2288C10007C9CA;
			remoteInfo = userDefault;
		};
		41A35D462C2288C40007C9CA /* PBXContainerItemProxy */ = {
			isa = PBXContainerItemProxy;
			containerPortal = 41A35D1D2C2288C10007C9CA /* Project object */;
			proxyType = 1;
			remoteGlobalIDString = 41A35D242C2288C10007C9CA;
			remoteInfo = userDefault;
		};
/* End PBXContainerItemProxy section */

/* Begin PBXFileReference section */
		41A35D252C2288C10007C9CA /* userDefault.app */ = {isa = PBXFileReference; explicitFileType = wrapper.application; includeInIndex = 0; path = userDefault.app; sourceTree = BUILT_PRODUCTS_DIR; };
		41A35D282C2288C10007C9CA /* AppDelegate.swift */ = {isa = PBXFileReference; lastKnownFileType = sourcecode.swift; path = AppDelegate.swift; sourceTree = "<group>"; };
		41A35D2A2C2288C10007C9CA /* SceneDelegate.swift */ = {isa = PBXFileReference; lastKnownFileType = sourcecode.swift; path = SceneDelegate.swift; sourceTree = "<group>"; };
		41A35D2C2C2288C10007C9CA /* ViewController.swift */ = {isa = PBXFileReference; lastKnownFileType = sourcecode.swift; path = ViewController.swift; sourceTree = "<group>"; };
		41A35D2F2C2288C10007C9CA /* Base */ = {isa = PBXFileReference; lastKnownFileType = file.storyboard; name = Base; path = Base.lproj/Main.storyboard; sourceTree = "<group>"; };
		41A35D312C2288C30007C9CA /* Assets.xcassets */ = {isa = PBXFileReference; lastKnownFileType = folder.assetcatalog; path = Assets.xcassets; sourceTree = "<group>"; };
		41A35D342C2288C30007C9CA /* Base */ = {isa = PBXFileReference; lastKnownFileType = file.storyboard; name = Base; path = Base.lproj/LaunchScreen.storyboard; sourceTree = "<group>"; };
		41A35D362C2288C30007C9CA /* Info.plist */ = {isa = PBXFileReference; lastKnownFileType = text.plist.xml; path = Info.plist; sourceTree = "<group>"; };
		41A35D3B2C2288C40007C9CA /* userDefaultTests.xctest */ = {isa = PBXFileReference; explicitFileType = wrapper.cfbundle; includeInIndex = 0; path = userDefaultTests.xctest; sourceTree = BUILT_PRODUCTS_DIR; };
		41A35D3F2C2288C40007C9CA /* userDefaultTests.swift */ = {isa = PBXFileReference; lastKnownFileType = sourcecode.swift; path = userDefaultTests.swift; sourceTree = "<group>"; };
		41A35D452C2288C40007C9CA /* userDefaultUITests.xctest */ = {isa = PBXFileReference; explicitFileType = wrapper.cfbundle; includeInIndex = 0; path = userDefaultUITests.xctest; sourceTree = BUILT_PRODUCTS_DIR; };
		41A35D492C2288C40007C9CA /* userDefaultUITests.swift */ = {isa = PBXFileReference; lastKnownFileType = sourcecode.swift; path = userDefaultUITests.swift; sourceTree = "<group>"; };
		41A35D4B2C2288C40007C9CA /* userDefaultUITestsLaunchTests.swift */ = {isa = PBXFileReference; lastKnownFileType = sourcecode.swift; path = userDefaultUITestsLaunchTests.swift; sourceTree = "<group>"; };
/* End PBXFileReference section */

/* Begin PBXFrameworksBuildPhase section */
		41A35D222C2288C10007C9CA /* Frameworks */ = {
			isa = PBXFrameworksBuildPhase;
			buildActionMask = 2147483647;
			files = (
			);
			runOnlyForDeploymentPostprocessing = 0;
		};
		41A35D382C2288C40007C9CA /* Frameworks */ = {
			isa = PBXFrameworksBuildPhase;
			buildActionMask = 2147483647;
			files = (
			);
			runOnlyForDeploymentPostprocessing = 0;
		};
		41A35D422C2288C40007C9CA /* Frameworks */ = {
			isa = PBXFrameworksBuildPhase;
			buildActionMask = 2147483647;
			files = (
			);
			runOnlyForDeploymentPostprocessing = 0;
		};
/* End PBXFrameworksBuildPhase section */

/* Begin PBXGroup section */
		41A35D1C2C2288C10007C9CA = {
			isa = PBXGroup;
			children = (
				41A35D272C2288C10007C9CA /* userDefault */,
				41A35D3E2C2288C40007C9CA /* userDefaultTests */,
				41A35D482C2288C40007C9CA /* userDefaultUITests */,
				41A35D262C2288C10007C9CA /* Products */,
			);
			sourceTree = "<group>";
		};
		41A35D262C2288C10007C9CA /* Products */ = {
			isa = PBXGroup;
			children = (
				41A35D252C2288C10007C9CA /* userDefault.app */,
				41A35D3B2C2288C40007C9CA /* userDefaultTests.xctest */,
				41A35D452C2288C40007C9CA /* userDefaultUITests.xctest */,
			);
			name = Products;
			sourceTree = "<group>";
		};
		41A35D272C2288C10007C9CA /* userDefault */ = {
			isa = PBXGroup;
			children = (
				41A35D282C2288C10007C9CA /* AppDelegate.swift */,
				41A35D2A2C2288C10007C9CA /* SceneDelegate.swift */,
				41A35D2C2C2288C10007C9CA /* ViewController.swift */,
				41A35D2E2C2288C10007C9CA /* Main.storyboard */,
				41A35D312C2288C30007C9CA /* Assets.xcassets */,
				41A35D332C2288C30007C9CA /* LaunchScreen.storyboard */,
				41A35D362C2288C30007C9CA /* Info.plist */,
			);
			path = userDefault;
			sourceTree = "<group>";
		};
		41A35D3E2C2288C40007C9CA /* userDefaultTests */ = {
			isa = PBXGroup;
			children = (
				41A35D3F2C2288C40007C9CA /* userDefaultTests.swift */,
			);
			path = userDefaultTests;
			sourceTree = "<group>";
		};
		41A35D482C2288C40007C9CA /* userDefaultUITests */ = {
			isa = PBXGroup;
			children = (
				41A35D492C2288C40007C9CA /* userDefaultUITests.swift */,
				41A35D4B2C2288C40007C9CA /* userDefaultUITestsLaunchTests.swift */,
			);
			path = userDefaultUITests;
			sourceTree = "<group>";
		};
/* End PBXGroup section */

/* Begin PBXNativeTarget section */
		41A35D242C2288C10007C9CA /* userDefault */ = {
			isa = PBXNativeTarget;
			buildConfigurationList = 41A35D4F2C2288C40007C9CA /* Build configuration list for PBXNativeTarget "userDefault" */;
			buildPhases = (
				41A35D212C2288C10007C9CA /* Sources */,
				41A35D222C2288C10007C9CA /* Frameworks */,
				41A35D232C2288C10007C9CA /* Resources */,
			);
			buildRules = (
			);
			dependencies = (
			);
			name = userDefault;
			productName = userDefault;
			productReference = 41A35D252C2288C10007C9CA /* userDefault.app */;
			productType = "com.apple.product-type.application";
		};
		41A35D3A2C2288C40007C9CA /* userDefaultTests */ = {
			isa = PBXNativeTarget;
			buildConfigurationList = 41A35D522C2288C40007C9CA /* Build configuration list for PBXNativeTarget "userDefaultTests" */;
			buildPhases = (
				41A35D372C2288C40007C9CA /* Sources */,
				41A35D382C2288C40007C9CA /* Frameworks */,
				41A35D392C2288C40007C9CA /* Resources */,
			);
			buildRules = (
			);
			dependencies = (
				41A35D3D2C2288C40007C9CA /* PBXTargetDependency */,
			);
			name = userDefaultTests;
			productName = userDefaultTests;
			productReference = 41A35D3B2C2288C40007C9CA /* userDefaultTests.xctest */;
			productType = "com.apple.product-type.bundle.unit-test";
		};
		41A35D442C2288C40007C9CA /* userDefaultUITests */ = {
			isa = PBXNativeTarget;
			buildConfigurationList = 41A35D552C2288C40007C9CA /* Build configuration list for PBXNativeTarget "userDefaultUITests" */;
			buildPhases = (
				41A35D412C2288C40007C9CA /* Sources */,
				41A35D422C2288C40007C9CA /* Frameworks */,
				41A35D432C2288C40007C9CA /* Resources */,
			);
			buildRules = (
			);
			dependencies = (
				41A35D472C2288C40007C9CA /* PBXTargetDependency */,
			);
			name = userDefaultUITests;
			productName = userDefaultUITests;
			productReference = 41A35D452C2288C40007C9CA /* userDefaultUITests.xctest */;
			productType = "com.apple.product-type.bundle.ui-testing";
		};
/* End PBXNativeTarget section */

/* Begin PBXProject section */
		41A35D1D2C2288C10007C9CA /* Project object */ = {
			isa = PBXProject;
			attributes = {
				BuildIndependentTargetsInParallel = 1;
				LastSwiftUpdateCheck = 1540;
				LastUpgradeCheck = 1540;
				TargetAttributes = {
					41A35D242C2288C10007C9CA = {
						CreatedOnToolsVersion = 15.4;
					};
					41A35D3A2C2288C40007C9CA = {
						CreatedOnToolsVersion = 15.4;
						TestTargetID = 41A35D242C2288C10007C9CA;
					};
					41A35D442C2288C40007C9CA = {
						CreatedOnToolsVersion = 15.4;
						TestTargetID = 41A35D242C2288C10007C9CA;
					};
				};
			};
			buildConfigurationList = 41A35D202C2288C10007C9CA /* Build configuration list for PBXProject "userDefault" */;
			compatibilityVersion = "Xcode 14.0";
			developmentRegion = en;
			hasScannedForEncodings = 0;
			knownRegions = (
				en,
				Base,
			);
			mainGroup = 41A35D1C2C2288C10007C9CA;
			productRefGroup = 41A35D262C2288C10007C9CA /* Products */;
			projectDirPath = "";
			projectRoot = "";
			targets = (
				41A35D242C2288C10007C9CA /* userDefault */,
				41A35D3A2C2288C40007C9CA /* userDefaultTests */,
				41A35D442C2288C40007C9CA /* userDefaultUITests */,
			);
		};
/* End PBXProject section */

/* Begin PBXResourcesBuildPhase section */
		41A35D232C2288C10007C9CA /* Resources */ = {
			isa = PBXResourcesBuildPhase;
			buildActionMask = 2147483647;
			files = (
				41A35D322C2288C30007C9CA /* Assets.xcassets in Resources */,
				41A35D352C2288C30007C9CA /* Base in Resources */,
				41A35D302C2288C10007C9CA /* Base in Resources */,
			);
			runOnlyForDeploymentPostprocessing = 0;
		};
		41A35D392C2288C40007C9CA /* Resources */ = {
			isa = PBXResourcesBuildPhase;
			buildActionMask = 2147483647;
			files = (
			);
			runOnlyForDeploymentPostprocessing = 0;
		};
		41A35D432C2288C40007C9CA /* Resources */ = {
			isa = PBXResourcesBuildPhase;
			buildActionMask = 2147483647;
			files = (
			);
			runOnlyForDeploymentPostprocessing = 0;
		};
/* End PBXResourcesBuildPhase section */

/* Begin PBXSourcesBuildPhase section */
		41A35D212C2288C10007C9CA /* Sources */ = {
			isa = PBXSourcesBuildPhase;
			buildActionMask = 2147483647;
			files = (
				41A35D2D2C2288C10007C9CA /* ViewController.swift in Sources */,
				41A35D292C2288C10007C9CA /* AppDelegate.swift in Sources */,
				41A35D2B2C2288C10007C9CA /* SceneDelegate.swift in Sources */,
			);
			runOnlyForDeploymentPostprocessing = 0;
		};
		41A35D372C2288C40007C9CA /* Sources */ = {
			isa = PBXSourcesBuildPhase;
			buildActionMask = 2147483647;
			files = (
				41A35D402C2288C40007C9CA /* userDefaultTests.swift in Sources */,
			);
			runOnlyForDeploymentPostprocessing = 0;
		};
		41A35D412C2288C40007C9CA /* Sources */ = {
			isa = PBXSourcesBuildPhase;
			buildActionMask = 2147483647;
			files = (
				41A35D4A2C2288C40007C9CA /* userDefaultUITests.swift in Sources */,
				41A35D4C2C2288C40007C9CA /* userDefaultUITestsLaunchTests.swift in Sources */,
			);
			runOnlyForDeploymentPostprocessing = 0;
		};
/* End PBXSourcesBuildPhase section */

/* Begin PBXTargetDependency section */
		41A35D3D2C2288C40007C9CA /* PBXTargetDependency */ = {
			isa = PBXTargetDependency;
			target = 41A35D242C2288C10007C9CA /* userDefault */;
			targetProxy = 41A35D3C2C2288C40007C9CA /* PBXContainerItemProxy */;
		};
		41A35D472C2288C40007C9CA /* PBXTargetDependency */ = {
			isa = PBXTargetDependency;
			target = 41A35D242C2288C10007C9CA /* userDefault */;
			targetProxy = 41A35D462C2288C40007C9CA /* PBXContainerItemProxy */;
		};
/* End PBXTargetDependency section */

/* Begin PBXVariantGroup section */
		41A35D2E2C2288C10007C9CA /* Main.storyboard */ = {
			isa = PBXVariantGroup;
			children = (
				41A35D2F2C2288C10007C9CA /* Base */,
			);
			name = Main.storyboard;
			sourceTree = "<group>";
		};
		41A35D332C2288C30007C9CA /* LaunchScreen.storyboard */ = {
			isa = PBXVariantGroup;
			children = (
				41A35D342C2288C30007C9CA /* Base */,
			);
			name = LaunchScreen.storyboard;
			sourceTree = "<group>";
		};
/* End PBXVariantGroup section */

/* Begin XCBuildConfiguration section */
		41A35D4D2C2288C40007C9CA /* Debug */ = {
			isa = XCBuildConfiguration;
			buildSettings = {
				ALWAYS_SEARCH_USER_PATHS = NO;
				ASSETCATALOG_COMPILER_GENERATE_SWIFT_ASSET_SYMBOL_EXTENSIONS = YES;
				CLANG_ANALYZER_NONNULL = YES;
				CLANG_ANALYZER_NUMBER_OBJECT_CONVERSION = YES_AGGRESSIVE;
				CLANG_CXX_LANGUAGE_STANDARD = "gnu++20";
				CLANG_ENABLE_MODULES = YES;
				CLANG_ENABLE_OBJC_ARC = YES;
				CLANG_ENABLE_OBJC_WEAK = YES;
				CLANG_WARN_BLOCK_CAPTURE_AUTORELEASING = YES;
				CLANG_WARN_BOOL_CONVERSION = YES;
				CLANG_WARN_COMMA = YES;
				CLANG_WARN_CONSTANT_CONVERSION = YES;
				CLANG_WARN_DEPRECATED_OBJC_IMPLEMENTATIONS = YES;
				CLANG_WARN_DIRECT_OBJC_ISA_USAGE = YES_ERROR;
				CLANG_WARN_DOCUMENTATION_COMMENTS = YES;
				CLANG_WARN_EMPTY_BODY = YES;
				CLANG_WARN_ENUM_CONVERSION = YES;
				CLANG_WARN_INFINITE_RECURSION = YES;
				CLANG_WARN_INT_CONVERSION = YES;
				CLANG_WARN_NON_LITERAL_NULL_CONVERSION = YES;
				CLANG_WARN_OBJC_IMPLICIT_RETAIN_SELF = YES;
				CLANG_WARN_OBJC_LITERAL_CONVERSION = YES;
				CLANG_WARN_OBJC_ROOT_CLASS = YES_ERROR;
				CLANG_WARN_QUOTED_INCLUDE_IN_FRAMEWORK_HEADER = YES;
				CLANG_WARN_RANGE_LOOP_ANALYSIS = YES;
				CLANG_WARN_STRICT_PROTOTYPES = YES;
				CLANG_WARN_SUSPICIOUS_MOVE = YES;
				CLANG_WARN_UNGUARDED_AVAILABILITY = YES_AGGRESSIVE;
				CLANG_WARN_UNREACHABLE_CODE = YES;
				CLANG_WARN__DUPLICATE_METHOD_MATCH = YES;
				COPY_PHASE_STRIP = NO;
				DEBUG_INFORMATION_FORMAT = dwarf;
				ENABLE_STRICT_OBJC_MSGSEND = YES;
				ENABLE_TESTABILITY = YES;
				ENABLE_USER_SCRIPT_SANDBOXING = YES;
				GCC_C_LANGUAGE_STANDARD = gnu17;
				GCC_DYNAMIC_NO_PIC = NO;
				GCC_NO_COMMON_BLOCKS = YES;
				GCC_OPTIMIZATION_LEVEL = 0;
				GCC_PREPROCESSOR_DEFINITIONS = (
					"DEBUG=1",
					"$(inherited)",
				);
				GCC_WARN_64_TO_32_BIT_CONVERSION = YES;
				GCC_WARN_ABOUT_RETURN_TYPE = YES_ERROR;
				GCC_WARN_UNDECLARED_SELECTOR = YES;
				GCC_WARN_UNINITIALIZED_AUTOS = YES_AGGRESSIVE;
				GCC_WARN_UNUSED_FUNCTION = YES;
				GCC_WARN_UNUSED_VARIABLE = YES;
				IPHONEOS_DEPLOYMENT_TARGET = 17.5;
				LOCALIZATION_PREFERS_STRING_CATALOGS = YES;
				MTL_ENABLE_DEBUG_INFO = INCLUDE_SOURCE;
				MTL_FAST_MATH = YES;
				ONLY_ACTIVE_ARCH = YES;
				SDKROOT = iphoneos;
				SWIFT_ACTIVE_COMPILATION_CONDITIONS = "DEBUG $(inherited)";
				SWIFT_OPTIMIZATION_LEVEL = "-Onone";
			};
			name = Debug;
		};
		41A35D4E2C2288C40007C9CA /* Release */ = {
			isa = XCBuildConfiguration;
			buildSettings = {
				ALWAYS_SEARCH_USER_PATHS = NO;
				ASSETCATALOG_COMPILER_GENERATE_SWIFT_ASSET_SYMBOL_EXTENSIONS = YES;
				CLANG_ANALYZER_NONNULL = YES;
				CLANG_ANALYZER_NUMBER_OBJECT_CONVERSION = YES_AGGRESSIVE;
				CLANG_CXX_LANGUAGE_STANDARD = "gnu++20";
				CLANG_ENABLE_MODULES = YES;
				CLANG_ENABLE_OBJC_ARC = YES;
				CLANG_ENABLE_OBJC_WEAK = YES;
				CLANG_WARN_BLOCK_CAPTURE_AUTORELEASING = YES;
				CLANG_WARN_BOOL_CONVERSION = YES;
				CLANG_WARN_COMMA = YES;
				CLANG_WARN_CONSTANT_CONVERSION = YES;
				CLANG_WARN_DEPRECATED_OBJC_IMPLEMENTATIONS = YES;
				CLANG_WARN_DIRECT_OBJC_ISA_USAGE = YES_ERROR;
				CLANG_WARN_DOCUMENTATION_COMMENTS = YES;
				CLANG_WARN_EMPTY_BODY = YES;
				CLANG_WARN_ENUM_CONVERSION = YES;
				CLANG_WARN_INFINITE_RECURSION = YES;
				CLANG_WARN_INT_CONVERSION = YES;
				CLANG_WARN_NON_LITERAL_NULL_CONVERSION = YES;
				CLANG_WARN_OBJC_IMPLICIT_RETAIN_SELF = YES;
				CLANG_WARN_OBJC_LITERAL_CONVERSION = YES;
				CLANG_WARN_OBJC_ROOT_CLASS = YES_ERROR;
				CLANG_WARN_QUOTED_INCLUDE_IN_FRAMEWORK_HEADER = YES;
				CLANG_WARN_RANGE_LOOP_ANALYSIS = YES;
				CLANG_WARN_STRICT_PROTOTYPES = YES;
				CLANG_WARN_SUSPICIOUS_MOVE = YES;
				CLANG_WARN_UNGUARDED_AVAILABILITY = YES_AGGRESSIVE;
				CLANG_WARN_UNREACHABLE_CODE = YES;
				CLANG_WARN__DUPLICATE_METHOD_MATCH = YES;
				COPY_PHASE_STRIP = NO;
				DEBUG_INFORMATION_FORMAT = "dwarf-with-dsym";
				ENABLE_NS_ASSERTIONS = NO;
				ENABLE_STRICT_OBJC_MSGSEND = YES;
				ENABLE_USER_SCRIPT_SANDBOXING = YES;
				GCC_C_LANGUAGE_STANDARD = gnu17;
				GCC_NO_COMMON_BLOCKS = YES;
				GCC_WARN_64_TO_32_BIT_CONVERSION = YES;
				GCC_WARN_ABOUT_RETURN_TYPE = YES_ERROR;
				GCC_WARN_UNDECLARED_SELECTOR = YES;
				GCC_WARN_UNINITIALIZED_AUTOS = YES_AGGRESSIVE;
				GCC_WARN_UNUSED_FUNCTION = YES;
				GCC_WARN_UNUSED_VARIABLE = YES;
				IPHONEOS_DEPLOYMENT_TARGET = 17.5;
				LOCALIZATION_PREFERS_STRING_CATALOGS = YES;
				MTL_ENABLE_DEBUG_INFO = NO;
				MTL_FAST_MATH = YES;
				SDKROOT = iphoneos;
				SWIFT_COMPILATION_MODE = wholemodule;
				VALIDATE_PRODUCT = YES;
			};
			name = Release;
		};
		41A35D502C2288C40007C9CA /* Debug */ = {
			isa = XCBuildConfiguration;
			buildSettings = {
				ASSETCATALOG_COMPILER_APPICON_NAME = AppIcon;
				ASSETCATALOG_COMPILER_GLOBAL_ACCENT_COLOR_NAME = AccentColor;
				CODE_SIGN_STYLE = Automatic;
				CURRENT_PROJECT_VERSION = 1;
				GENERATE_INFOPLIST_FILE = YES;
				INFOPLIST_FILE = userDefault/Info.plist;
				INFOPLIST_KEY_UIApplicationSupportsIndirectInputEvents = YES;
				INFOPLIST_KEY_UILaunchStoryboardName = LaunchScreen;
				INFOPLIST_KEY_UIMainStoryboardFile = Main;
				INFOPLIST_KEY_UISupportedInterfaceOrientations_iPad = "UIInterfaceOrientationPortrait UIInterfaceOrientationPortraitUpsideDown UIInterfaceOrientationLandscapeLeft UIInterfaceOrientationLandscapeRight";
				INFOPLIST_KEY_UISupportedInterfaceOrientations_iPhone = "UIInterfaceOrientationPortrait UIInterfaceOrientationLandscapeLeft UIInterfaceOrientationLandscapeRight";
				LD_RUNPATH_SEARCH_PATHS = (
					"$(inherited)",
					"@executable_path/Frameworks",
				);
				MARKETING_VERSION = 1.0;
				PRODUCT_BUNDLE_IDENTIFIER = hyunmin.userDefault;
				PRODUCT_NAME = "$(TARGET_NAME)";
				SWIFT_EMIT_LOC_STRINGS = YES;
				SWIFT_VERSION = 5.0;
				TARGETED_DEVICE_FAMILY = "1,2";
			};
			name = Debug;
		};
		41A35D512C2288C40007C9CA /* Release */ = {
			isa = XCBuildConfiguration;
			buildSettings = {
				ASSETCATALOG_COMPILER_APPICON_NAME = AppIcon;
				ASSETCATALOG_COMPILER_GLOBAL_ACCENT_COLOR_NAME = AccentColor;
				CODE_SIGN_STYLE = Automatic;
				CURRENT_PROJECT_VERSION = 1;
				GENERATE_INFOPLIST_FILE = YES;
				INFOPLIST_FILE = userDefault/Info.plist;
				INFOPLIST_KEY_UIApplicationSupportsIndirectInputEvents = YES;
				INFOPLIST_KEY_UILaunchStoryboardName = LaunchScreen;
				INFOPLIST_KEY_UIMainStoryboardFile = Main;
				INFOPLIST_KEY_UISupportedInterfaceOrientations_iPad = "UIInterfaceOrientationPortrait UIInterfaceOrientationPortraitUpsideDown UIInterfaceOrientationLandscapeLeft UIInterfaceOrientationLandscapeRight";
				INFOPLIST_KEY_UISupportedInterfaceOrientations_iPhone = "UIInterfaceOrientationPortrait UIInterfaceOrientationLandscapeLeft UIInterfaceOrientationLandscapeRight";
				LD_RUNPATH_SEARCH_PATHS = (
					"$(inherited)",
					"@executable_path/Frameworks",
				);
				MARKETING_VERSION = 1.0;
				PRODUCT_BUNDLE_IDENTIFIER = hyunmin.userDefault;
				PRODUCT_NAME = "$(TARGET_NAME)";
				SWIFT_EMIT_LOC_STRINGS = YES;
				SWIFT_VERSION = 5.0;
				TARGETED_DEVICE_FAMILY = "1,2";
			};
			name = Release;
		};
		41A35D532C2288C40007C9CA /* Debug */ = {
			isa = XCBuildConfiguration;
			buildSettings = {
				ALWAYS_EMBED_SWIFT_STANDARD_LIBRARIES = YES;
				BUNDLE_LOADER = "$(TEST_HOST)";
				CODE_SIGN_STYLE = Automatic;
				CURRENT_PROJECT_VERSION = 1;
				GENERATE_INFOPLIST_FILE = YES;
				IPHONEOS_DEPLOYMENT_TARGET = 17.5;
				MARKETING_VERSION = 1.0;
				PRODUCT_BUNDLE_IDENTIFIER = hyunmin.userDefaultTests;
				PRODUCT_NAME = "$(TARGET_NAME)";
				SWIFT_EMIT_LOC_STRINGS = NO;
				SWIFT_VERSION = 5.0;
				TARGETED_DEVICE_FAMILY = "1,2";
				TEST_HOST = "$(BUILT_PRODUCTS_DIR)/userDefault.app/$(BUNDLE_EXECUTABLE_FOLDER_PATH)/userDefault";
			};
			name = Debug;
		};
		41A35D542C2288C40007C9CA /* Release */ = {
			isa = XCBuildConfiguration;
			buildSettings = {
				ALWAYS_EMBED_SWIFT_STANDARD_LIBRARIES = YES;
				BUNDLE_LOADER = "$(TEST_HOST)";
				CODE_SIGN_STYLE = Automatic;
				CURRENT_PROJECT_VERSION = 1;
				GENERATE_INFOPLIST_FILE = YES;
				IPHONEOS_DEPLOYMENT_TARGET = 17.5;
				MARKETING_VERSION = 1.0;
				PRODUCT_BUNDLE_IDENTIFIER = hyunmin.userDefaultTests;
				PRODUCT_NAME = "$(TARGET_NAME)";
				SWIFT_EMIT_LOC_STRINGS = NO;
				SWIFT_VERSION = 5.0;
				TARGETED_DEVICE_FAMILY = "1,2";
				TEST_HOST = "$(BUILT_PRODUCTS_DIR)/userDefault.app/$(BUNDLE_EXECUTABLE_FOLDER_PATH)/userDefault";
			};
			name = Release;
		};
		41A35D562C2288C40007C9CA /* Debug */ = {
			isa = XCBuildConfiguration;
			buildSettings = {
				ALWAYS_EMBED_SWIFT_STANDARD_LIBRARIES = YES;
				CODE_SIGN_STYLE = Automatic;
				CURRENT_PROJECT_VERSION = 1;
				GENERATE_INFOPLIST_FILE = YES;
				MARKETING_VERSION = 1.0;
				PRODUCT_BUNDLE_IDENTIFIER = hyunmin.userDefaultUITests;
				PRODUCT_NAME = "$(TARGET_NAME)";
				SWIFT_EMIT_LOC_STRINGS = NO;
				SWIFT_VERSION = 5.0;
				TARGETED_DEVICE_FAMILY = "1,2";
				TEST_TARGET_NAME = userDefault;
			};
			name = Debug;
		};
		41A35D572C2288C40007C9CA /* Release */ = {
			isa = XCBuildConfiguration;
			buildSettings = {
				ALWAYS_EMBED_SWIFT_STANDARD_LIBRARIES = YES;
				CODE_SIGN_STYLE = Automatic;
				CURRENT_PROJECT_VERSION = 1;
				GENERATE_INFOPLIST_FILE = YES;
				MARKETING_VERSION = 1.0;
				PRODUCT_BUNDLE_IDENTIFIER = hyunmin.userDefaultUITests;
				PRODUCT_NAME = "$(TARGET_NAME)";
				SWIFT_EMIT_LOC_STRINGS = NO;
				SWIFT_VERSION = 5.0;
				TARGETED_DEVICE_FAMILY = "1,2";
				TEST_TARGET_NAME = userDefault;
			};
			name = Release;
		};
/* End XCBuildConfiguration section */

/* Begin XCConfigurationList section */
		41A35D202C2288C10007C9CA /* Build configuration list for PBXProject "userDefault" */ = {
			isa = XCConfigurationList;
			buildConfigurations = (
				41A35D4D2C2288C40007C9CA /* Debug */,
				41A35D4E2C2288C40007C9CA /* Release */,
			);
			defaultConfigurationIsVisible = 0;
			defaultConfigurationName = Release;
		};
		41A35D4F2C2288C40007C9CA /* Build configuration list for PBXNativeTarget "userDefault" */ = {
			isa = XCConfigurationList;
			buildConfigurations = (
				41A35D502C2288C40007C9CA /* Debug */,
				41A35D512C2288C40007C9CA /* Release */,
			);
			defaultConfigurationIsVisible = 0;
			defaultConfigurationName = Release;
		};
		41A35D522C2288C40007C9CA /* Build configuration list for PBXNativeTarget "userDefaultTests" */ = {
			isa = XCConfigurationList;
			buildConfigurations = (
				41A35D532C2288C40007C9CA /* Debug */,
				41A35D542C2288C40007C9CA /* Release */,
			);
			defaultConfigurationIsVisible = 0;
			defaultConfigurationName = Release;
		};
		41A35D552C2288C40007C9CA /* Build configuration list for PBXNativeTarget "userDefaultUITests" */ = {
			isa = XCConfigurationList;
			buildConfigurations = (
				41A35D562C2288C40007C9CA /* Debug */,
				41A35D572C2288C40007C9CA /* Release */,
			);
			defaultConfigurationIsVisible = 0;
			defaultConfigurationName = Release;
		};
/* End XCConfigurationList section */
	};
	rootObject = 41A35D1D2C2288C10007C9CA /* Project object */;
}
